version = 1
requires-python = ">=3.12"

[[package]]
name = "private-torarvid-package-1"
version = "0.0.3"
source = { registry = "https://europe-north1-python.pkg.dev/testproject-437513/torarvid-python/simple/" }
sdist = { url = "https://europe-north1-python.pkg.dev/testproject-437513/torarvid-python/private-torarvid-package-1/private_torarvid_package_1-0.0.3.tar.gz", hash = "sha256:0c5f4e87157cf5b2f33718be6000265869d95d4a33e30338ea4db92909bc1f05" }
wheels = [
    { url = "https://europe-north1-python.pkg.dev/testproject-437513/torarvid-python/private-torarvid-package-1/private_torarvid_package_1-0.0.3-py3-none-any.whl", hash = "sha256:d09e307fc3d615a95776d4104c30065d1610d86a73e69fc66a7a6b3da97b0075" },
]

[[package]]
name = "renovate-test"
version = "0.1.0"
source = { editable = "." }
dependencies = [
    { name = "private-torarvid-package-1" },
]

[package.metadata]
requires-dist = [{ name = "private-torarvid-package-1", specifier = ">=0.0.3" }]
